
Microsoft Visual Studio Solution File, Format Version 12.00
# Visual Studio Version 17
VisualStudioVersion = 17.14.36518.9
MinimumVisualStudioVersion = 10.0.40219.1
Project("{FAE04EC0-301F-11D3-BF4B-00C04F79EFBC}") = "ProjectManagement.Models", "ProjectManagement.Models\ProjectManagement.Models.csproj", "{F8A1C035-9065-4373-92BE-BFEABF66D543}"
EndProject
Project("{FAE04EC0-301F-11D3-BF4B-00C04F79EFBC}") = "ProjectManagement.WCF", "ProjectManagement.WCF\ProjectManagement.WCF.csproj", "{21F83200-DCD5-4719-A910-1709B8822E73}"
EndProject
Project("{FAE04EC0-301F-11D3-BF4B-00C04F79EFBC}") = "ProjectManagement.Web", "ProjectManagement.Web\ProjectManagement.Web.csproj", "{B9D0168F-88B8-4258-B4ED-8B73176025F0}"
EndProject
Global
	GlobalSection(SolutionConfigurationPlatforms) = preSolution
		Debug|Any CPU = Debug|Any CPU
		Release|Any CPU = Release|Any CPU
	EndGlobalSection
	GlobalSection(ProjectConfigurationPlatforms) = postSolution
		{F8A1C035-9065-4373-92BE-BFEABF66D543}.Debug|Any CPU.ActiveCfg = Debug|Any CPU
		{F8A1C035-9065-4373-92BE-BFEABF66D543}.Debug|Any CPU.Build.0 = Debug|Any CPU
		{F8A1C035-9065-4373-92BE-BFEABF66D543}.Release|Any CPU.ActiveCfg = Release|Any CPU
		{F8A1C035-9065-4373-92BE-BFEABF66D543}.Release|Any CPU.Build.0 = Release|Any CPU
		{21F83200-DCD5-4719-A910-1709B8822E73}.Debug|Any CPU.ActiveCfg = Debug|Any CPU
		{21F83200-DCD5-4719-A910-1709B8822E73}.Debug|Any CPU.Build.0 = Debug|Any CPU
		{21F83200-DCD5-4719-A910-1709B8822E73}.Release|Any CPU.ActiveCfg = Release|Any CPU
		{21F83200-DCD5-4719-A910-1709B8822E73}.Release|Any CPU.Build.0 = Release|Any CPU
		{B9D0168F-88B8-4258-B4ED-8B73176025F0}.Debug|Any CPU.ActiveCfg = Debug|Any CPU
		{B9D0168F-88B8-4258-B4ED-8B73176025F0}.Debug|Any CPU.Build.0 = Debug|Any CPU
		{B9D0168F-88B8-4258-B4ED-8B73176025F0}.Release|Any CPU.ActiveCfg = Release|Any CPU
		{B9D0168F-88B8-4258-B4ED-8B73176025F0}.Release|Any CPU.Build.0 = Release|Any CPU
	EndGlobalSection
	GlobalSection(SolutionProperties) = preSolution
		HideSolutionNode = FALSE
	EndGlobalSection
	GlobalSection(ExtensibilityGlobals) = postSolution
		SolutionGuid = {1CA88C8D-97AA-4E0E-8399-D5A76AD41FCB}
	EndGlobalSection
EndGlobal
